// !$*UTF8*$!
{
	archiveVersion = 1;
	classes = {
	};
	objectVersion = 50;
	objects = {

/* Begin PBXBuildFile section */
		034B16D026022A8F00B13C82 /* main.cpp in Sources */ = {isa = PBXBuildFile; fileRef = 034B16CF26022A8F00B13C82 /* main.cpp */; };
		034B16F12602307B00B13C82 /* App.cpp in Sources */ = {isa = PBXBuildFile; fileRef = 034B16EF2602307B00B13C82 /* App.cpp */; };
		035A8EA8260B1AC100DB27E8 /* FileRW.cpp in Sources */ = {isa = PBXBuildFile; fileRef = 035A8EA6260B1AC100DB27E8 /* FileRW.cpp */; };
		035A8EB0260C9A9100DB27E8 /* Rental.cpp in Sources */ = {isa = PBXBuildFile; fileRef = 035A8EAE260C9A9100DB27E8 /* Rental.cpp */; };
		035A8EB4260C9AA400DB27E8 /* Customer.cpp in Sources */ = {isa = PBXBuildFile; fileRef = 035A8EB2260C9AA400DB27E8 /* Customer.cpp */; };
		035A8EB8260C9AB000DB27E8 /* Game.cpp in Sources */ = {isa = PBXBuildFile; fileRef = 035A8EB6260C9AB000DB27E8 /* Game.cpp */; };
/* End PBXBuildFile section */

/* Begin PBXCopyFilesBuildPhase section */
		034B16CA26022A8F00B13C82 /* CopyFiles */ = {
			isa = PBXCopyFilesBuildPhase;
			buildActionMask = 2147483647;
			dstPath = /usr/share/man/man1/;
			dstSubfolderSpec = 0;
			files = (
			);
			runOnlyForDeploymentPostprocessing = 1;
		};
/* End PBXCopyFilesBuildPhase section */

/* Begin PBXFileReference section */
		034B16CC26022A8F00B13C82 /* 20210328_cpp_gameRent */ = {isa = PBXFileReference; explicitFileType = "compiled.mach-o.executable"; includeInIndex = 0; path = 20210328_cpp_gameRent; sourceTree = BUILT_PRODUCTS_DIR; };
		034B16CF26022A8F00B13C82 /* main.cpp */ = {isa = PBXFileReference; lastKnownFileType = sourcecode.cpp.cpp; path = main.cpp; sourceTree = "<group>"; };
		034B16EF2602307B00B13C82 /* App.cpp */ = {isa = PBXFileReference; lastKnownFileType = sourcecode.cpp.cpp; path = App.cpp; sourceTree = "<group>"; };
		034B16F02602307B00B13C82 /* App.hpp */ = {isa = PBXFileReference; lastKnownFileType = sourcecode.cpp.h; path = App.hpp; sourceTree = "<group>"; };
		035A8EA6260B1AC100DB27E8 /* FileRW.cpp */ = {isa = PBXFileReference; lastKnownFileType = sourcecode.cpp.cpp; path = FileRW.cpp; sourceTree = "<group>"; };
		035A8EA7260B1AC100DB27E8 /* FileRW.hpp */ = {isa = PBXFileReference; lastKnownFileType = sourcecode.cpp.h; path = FileRW.hpp; sourceTree = "<group>"; };
		035A8EAA260B1AE300DB27E8 /* gameRent.hpp */ = {isa = PBXFileReference; lastKnownFileType = sourcecode.cpp.h; path = gameRent.hpp; sourceTree = "<group>"; };
		035A8EAE260C9A9100DB27E8 /* Rental.cpp */ = {isa = PBXFileReference; lastKnownFileType = sourcecode.cpp.cpp; path = Rental.cpp; sourceTree = "<group>"; };
		035A8EAF260C9A9100DB27E8 /* Rental.hpp */ = {isa = PBXFileReference; lastKnownFileType = sourcecode.cpp.h; path = Rental.hpp; sourceTree = "<group>"; };
		035A8EB2260C9AA400DB27E8 /* Customer.cpp */ = {isa = PBXFileReference; lastKnownFileType = sourcecode.cpp.cpp; path = Customer.cpp; sourceTree = "<group>"; };
		035A8EB3260C9AA400DB27E8 /* Customer.hpp */ = {isa = PBXFileReference; lastKnownFileType = sourcecode.cpp.h; path = Customer.hpp; sourceTree = "<group>"; };
		035A8EB6260C9AB000DB27E8 /* Game.cpp */ = {isa = PBXFileReference; lastKnownFileType = sourcecode.cpp.cpp; path = Game.cpp; sourceTree = "<group>"; };
		035A8EB7260C9AB000DB27E8 /* Game.hpp */ = {isa = PBXFileReference; lastKnownFileType = sourcecode.cpp.h; path = Game.hpp; sourceTree = "<group>"; };
/* End PBXFileReference section */

/* Begin PBXFrameworksBuildPhase section */
		034B16C926022A8F00B13C82 /* Frameworks */ = {
			isa = PBXFrameworksBuildPhase;
			buildActionMask = 2147483647;
			files = (
			);
			runOnlyForDeploymentPostprocessing = 0;
		};
/* End PBXFrameworksBuildPhase section */

/* Begin PBXGroup section */
		034B16C326022A8F00B13C82 = {
			isa = PBXGroup;
			children = (
				034B16CE26022A8F00B13C82 /* 20210328_cpp_gameRent */,
				034B16CD26022A8F00B13C82 /* Products */,
			);
			sourceTree = "<group>";
		};
		034B16CD26022A8F00B13C82 /* Products */ = {
			isa = PBXGroup;
			children = (
				034B16CC26022A8F00B13C82 /* 20210328_cpp_gameRent */,
			);
			name = Products;
			sourceTree = "<group>";
		};
		034B16CE26022A8F00B13C82 /* 20210328_cpp_gameRent */ = {
			isa = PBXGroup;
			children = (
				034B16CF26022A8F00B13C82 /* main.cpp */,
				035A8EAA260B1AE300DB27E8 /* gameRent.hpp */,
				034B16EF2602307B00B13C82 /* App.cpp */,
				034B16F02602307B00B13C82 /* App.hpp */,
				035A8EA6260B1AC100DB27E8 /* FileRW.cpp */,
				035A8EA7260B1AC100DB27E8 /* FileRW.hpp */,
				035A8EAE260C9A9100DB27E8 /* Rental.cpp */,
				035A8EAF260C9A9100DB27E8 /* Rental.hpp */,
				035A8EB2260C9AA400DB27E8 /* Customer.cpp */,
				035A8EB3260C9AA400DB27E8 /* Customer.hpp */,
				035A8EB6260C9AB000DB27E8 /* Game.cpp */,
				035A8EB7260C9AB000DB27E8 /* Game.hpp */,
			);
			path = 20210328_cpp_gameRent;
			sourceTree = "<group>";
		};
/* End PBXGroup section */

/* Begin PBXNativeTarget section */
		034B16CB26022A8F00B13C82 /* 20210328_cpp_gameRent */ = {
			isa = PBXNativeTarget;
			buildConfigurationList = 034B16D326022A8F00B13C82 /* Build configuration list for PBXNativeTarget "20210328_cpp_gameRent" */;
			buildPhases = (
				034B16C826022A8F00B13C82 /* Sources */,
				034B16C926022A8F00B13C82 /* Frameworks */,
				034B16CA26022A8F00B13C82 /* CopyFiles */,
			);
			buildRules = (
			);
			dependencies = (
			);
			name = 20210328_cpp_gameRent;
			productName = 20210328_cpp_gameRent;
			productReference = 034B16CC26022A8F00B13C82 /* 20210328_cpp_gameRent */;
			productType = "com.apple.product-type.tool";
		};
/* End PBXNativeTarget section */

/* Begin PBXProject section */
		034B16C426022A8F00B13C82 /* Project object */ = {
			isa = PBXProject;
			attributes = {
				LastUpgradeCheck = 1240;
				TargetAttributes = {
					034B16CB26022A8F00B13C82 = {
						CreatedOnToolsVersion = 12.4;
					};
				};
			};
			buildConfigurationList = 034B16C726022A8F00B13C82 /* Build configuration list for PBXProject "20210328_cpp_gameRent" */;
			compatibilityVersion = "Xcode 9.3";
			developmentRegion = en;
			hasScannedForEncodings = 0;
			knownRegions = (
				en,
				Base,
			);
			mainGroup = 034B16C326022A8F00B13C82;
			productRefGroup = 034B16CD26022A8F00B13C82 /* Products */;
			projectDirPath = "";
			projectRoot = "";
			targets = (
				034B16CB26022A8F00B13C82 /* 20210328_cpp_gameRent */,
			);
		};
/* End PBXProject section */

/* Begin PBXSourcesBuildPhase section */
		034B16C826022A8F00B13C82 /* Sources */ = {
			isa = PBXSourcesBuildPhase;
			buildActionMask = 2147483647;
			files = (
				035A8EB4260C9AA400DB27E8 /* Customer.cpp in Sources */,
				035A8EA8260B1AC100DB27E8 /* FileRW.cpp in Sources */,
				035A8EB0260C9A9100DB27E8 /* Rental.cpp in Sources */,
				035A8EB8260C9AB000DB27E8 /* Game.cpp in Sources */,
				034B16D026022A8F00B13C82 /* main.cpp in Sources */,
				034B16F12602307B00B13C82 /* App.cpp in Sources */,
			);
			runOnlyForDeploymentPostprocessing = 0;
		};
/* End PBXSourcesBuildPhase section */

/* Begin XCBuildConfiguration section */
		034B16D126022A8F00B13C82 /* Debug */ = {
			isa = XCBuildConfiguration;
			buildSettings = {
				ALWAYS_SEARCH_USER_PATHS = NO;
				CLANG_ANALYZER_NONNULL = YES;
				CLANG_ANALYZER_NUMBER_OBJECT_CONVERSION = YES_AGGRESSIVE;
				CLANG_CXX_LANGUAGE_STANDARD = "gnu++14";
				CLANG_CXX_LIBRARY = "libc++";
				CLANG_ENABLE_MODULES = YES;
				CLANG_ENABLE_OBJC_ARC = YES;
				CLANG_ENABLE_OBJC_WEAK = YES;
				CLANG_WARN_BLOCK_CAPTURE_AUTORELEASING = YES;
				CLANG_WARN_BOOL_CONVERSION = YES;
				CLANG_WARN_COMMA = YES;
				CLANG_WARN_CONSTANT_CONVERSION = YES;
				CLANG_WARN_DEPRECATED_OBJC_IMPLEMENTATIONS = YES;
				CLANG_WARN_DIRECT_OBJC_ISA_USAGE = YES_ERROR;
				CLANG_WARN_DOCUMENTATION_COMMENTS = YES;
				CLANG_WARN_EMPTY_BODY = YES;
				CLANG_WARN_ENUM_CONVERSION = YES;
				CLANG_WARN_INFINITE_RECURSION = YES;
				CLANG_WARN_INT_CONVERSION = YES;
				CLANG_WARN_NON_LITERAL_NULL_CONVERSION = YES;
				CLANG_WARN_OBJC_IMPLICIT_RETAIN_SELF = YES;
				CLANG_WARN_OBJC_LITERAL_CONVERSION = YES;
				CLANG_WARN_OBJC_ROOT_CLASS = YES_ERROR;
				CLANG_WARN_QUOTED_INCLUDE_IN_FRAMEWORK_HEADER = YES;
				CLANG_WARN_RANGE_LOOP_ANALYSIS = YES;
				CLANG_WARN_STRICT_PROTOTYPES = YES;
				CLANG_WARN_SUSPICIOUS_MOVE = YES;
				CLANG_WARN_UNGUARDED_AVAILABILITY = YES_AGGRESSIVE;
				CLANG_WARN_UNREACHABLE_CODE = YES;
				CLANG_WARN__DUPLICATE_METHOD_MATCH = YES;
				COPY_PHASE_STRIP = NO;
				DEBUG_INFORMATION_FORMAT = dwarf;
				ENABLE_STRICT_OBJC_MSGSEND = YES;
				ENABLE_TESTABILITY = YES;
				GCC_C_LANGUAGE_STANDARD = gnu11;
				GCC_DYNAMIC_NO_PIC = NO;
				GCC_NO_COMMON_BLOCKS = YES;
				GCC_OPTIMIZATION_LEVEL = 0;
				GCC_PREPROCESSOR_DEFINITIONS = (
					"DEBUG=1",
					"$(inherited)",
				);
				GCC_WARN_64_TO_32_BIT_CONVERSION = YES;
				GCC_WARN_ABOUT_RETURN_TYPE = YES_ERROR;
				GCC_WARN_UNDECLARED_SELECTOR = YES;
				GCC_WARN_UNINITIALIZED_AUTOS = YES_AGGRESSIVE;
				GCC_WARN_UNUSED_FUNCTION = YES;
				GCC_WARN_UNUSED_VARIABLE = YES;
				MACOSX_DEPLOYMENT_TARGET = 11.1;
				MTL_ENABLE_DEBUG_INFO = INCLUDE_SOURCE;
				MTL_FAST_MATH = YES;
				ONLY_ACTIVE_ARCH = YES;
				SDKROOT = macosx;
			};
			name = Debug;
		};
		034B16D226022A8F00B13C82 /* Release */ = {
			isa = XCBuildConfiguration;
			buildSettings = {
				ALWAYS_SEARCH_USER_PATHS = NO;
				CLANG_ANALYZER_NONNULL = YES;
				CLANG_ANALYZER_NUMBER_OBJECT_CONVERSION = YES_AGGRESSIVE;
				CLANG_CXX_LANGUAGE_STANDARD = "gnu++14";
				CLANG_CXX_LIBRARY = "libc++";
				CLANG_ENABLE_MODULES = YES;
				CLANG_ENABLE_OBJC_ARC = YES;
				CLANG_ENABLE_OBJC_WEAK = YES;
				CLANG_WARN_BLOCK_CAPTURE_AUTORELEASING = YES;
				CLANG_WARN_BOOL_CONVERSION = YES;
				CLANG_WARN_COMMA = YES;
				CLANG_WARN_CONSTANT_CONVERSION = YES;
				CLANG_WARN_DEPRECATED_OBJC_IMPLEMENTATIONS = YES;
				CLANG_WARN_DIRECT_OBJC_ISA_USAGE = YES_ERROR;
				CLANG_WARN_DOCUMENTATION_COMMENTS = YES;
				CLANG_WARN_EMPTY_BODY = YES;
				CLANG_WARN_ENUM_CONVERSION = YES;
				CLANG_WARN_INFINITE_RECURSION = YES;
				CLANG_WARN_INT_CONVERSION = YES;
				CLANG_WARN_NON_LITERAL_NULL_CONVERSION = YES;
				CLANG_WARN_OBJC_IMPLICIT_RETAIN_SELF = YES;
				CLANG_WARN_OBJC_LITERAL_CONVERSION = YES;
				CLANG_WARN_OBJC_ROOT_CLASS = YES_ERROR;
				CLANG_WARN_QUOTED_INCLUDE_IN_FRAMEWORK_HEADER = YES;
				CLANG_WARN_RANGE_LOOP_ANALYSIS = YES;
				CLANG_WARN_STRICT_PROTOTYPES = YES;
				CLANG_WARN_SUSPICIOUS_MOVE = YES;
				CLANG_WARN_UNGUARDED_AVAILABILITY = YES_AGGRESSIVE;
				CLANG_WARN_UNREACHABLE_CODE = YES;
				CLANG_WARN__DUPLICATE_METHOD_MATCH = YES;
				COPY_PHASE_STRIP = NO;
				DEBUG_INFORMATION_FORMAT = "dwarf-with-dsym";
				ENABLE_NS_ASSERTIONS = NO;
				ENABLE_STRICT_OBJC_MSGSEND = YES;
				GCC_C_LANGUAGE_STANDARD = gnu11;
				GCC_NO_COMMON_BLOCKS = YES;
				GCC_WARN_64_TO_32_BIT_CONVERSION = YES;
				GCC_WARN_ABOUT_RETURN_TYPE = YES_ERROR;
				GCC_WARN_UNDECLARED_SELECTOR = YES;
				GCC_WARN_UNINITIALIZED_AUTOS = YES_AGGRESSIVE;
				GCC_WARN_UNUSED_FUNCTION = YES;
				GCC_WARN_UNUSED_VARIABLE = YES;
				MACOSX_DEPLOYMENT_TARGET = 11.1;
				MTL_ENABLE_DEBUG_INFO = NO;
				MTL_FAST_MATH = YES;
				SDKROOT = macosx;
			};
			name = Release;
		};
		034B16D426022A8F00B13C82 /* Debug */ = {
			isa = XCBuildConfiguration;
			buildSettings = {
				CLANG_CXX_LANGUAGE_STANDARD = "c++17";
				CODE_SIGN_STYLE = Automatic;
				DEVELOPMENT_TEAM = 6RR5M4V5WP;
				ENABLE_HARDENED_RUNTIME = YES;
				HEADER_SEARCH_PATHS = (
					"$(PROJECT_THIRDPARTY_DIR)/silverbeetle/include",
					"$(PROJECT_THIRDPARTY_DIR)/rapidjson/include",
				);
				LD_RUNPATH_SEARCH_PATHS = "";
				LIBRARY_SEARCH_PATHS = "$(PROJECT_THIRDPARTY_DIR)/silverbeetle/lib";
				OTHER_LDFLAGS = "-lsilverbeetle";
				PRODUCT_NAME = "$(TARGET_NAME)";
				PROJECT_THIRDPARTY_DIR = "$(PROJECT_DIR)/../thirdparty";
			};
			name = Debug;
		};
		034B16D526022A8F00B13C82 /* Release */ = {
			isa = XCBuildConfiguration;
			buildSettings = {
				CLANG_CXX_LANGUAGE_STANDARD = "c++17";
				CODE_SIGN_STYLE = Automatic;
				DEVELOPMENT_TEAM = 6RR5M4V5WP;
				ENABLE_HARDENED_RUNTIME = YES;
				HEADER_SEARCH_PATHS = (
					"$(PROJECT_THIRDPARTY_DIR)/silverbeetle/include",
					"$(PROJECT_THIRDPARTY_DIR)/rapidjson/include",
				);
				LD_RUNPATH_SEARCH_PATHS = "";
				LIBRARY_SEARCH_PATHS = "$(PROJECT_THIRDPARTY_DIR)/silverbeetle/lib";
				OTHER_LDFLAGS = "-lsilverbeetle";
				PRODUCT_NAME = "$(TARGET_NAME)";
				PROJECT_THIRDPARTY_DIR = "$(PROJECT_DIR)/../thirdparty";
			};
			name = Release;
		};
/* End XCBuildConfiguration section */

/* Begin XCConfigurationList section */
		034B16C726022A8F00B13C82 /* Build configuration list for PBXProject "20210328_cpp_gameRent" */ = {
			isa = XCConfigurationList;
			buildConfigurations = (
				034B16D126022A8F00B13C82 /* Debug */,
				034B16D226022A8F00B13C82 /* Release */,
			);
			defaultConfigurationIsVisible = 0;
			defaultConfigurationName = Release;
		};
		034B16D326022A8F00B13C82 /* Build configuration list for PBXNativeTarget "20210328_cpp_gameRent" */ = {
			isa = XCConfigurationList;
			buildConfigurations = (
				034B16D426022A8F00B13C82 /* Debug */,
				034B16D526022A8F00B13C82 /* Release */,
			);
			defaultConfigurationIsVisible = 0;
			defaultConfigurationName = Release;
		};
/* End XCConfigurationList section */
	};
	rootObject = 034B16C426022A8F00B13C82 /* Project object */;
}
